
Microsoft Visual Studio Solution File, Format Version 12.00
# Visual Studio 15
VisualStudioVersion = 15.0.27703.2026
MinimumVisualStudioVersion = 10.0.40219.1
Project("{FAE04EC0-301F-11D3-BF4B-00C04F79EFBC}") = "ByteBuffer", "ByteBuffer\ByteBuffer.csproj", "{2002665F-283A-4E2A-9E5F-E4315EA648E5}"
EndProject
Project("{FAE04EC0-301F-11D3-BF4B-00C04F79EFBC}") = "TotalAnarchyGameServer", "..\TotalAnarchyGameServer\TotalAnarchyGameServer.csproj", "{38827983-BD96-42C7-8910-42F36C97117F}"
EndProject
Global
	GlobalSection(SolutionConfigurationPlatforms) = preSolution
		Debug|Any CPU = Debug|Any CPU
		Release|Any CPU = Release|Any CPU
	EndGlobalSection
	GlobalSection(ProjectConfigurationPlatforms) = postSolution
		{2002665F-283A-4E2A-9E5F-E4315EA648E5}.Debug|Any CPU.ActiveCfg = Debug|Any CPU
		{2002665F-283A-4E2A-9E5F-E4315EA648E5}.Debug|Any CPU.Build.0 = Debug|Any CPU
		{2002665F-283A-4E2A-9E5F-E4315EA648E5}.Release|Any CPU.ActiveCfg = Release|Any CPU
		{2002665F-283A-4E2A-9E5F-E4315EA648E5}.Release|Any CPU.Build.0 = Release|Any CPU
		{38827983-BD96-42C7-8910-42F36C97117F}.Debug|Any CPU.ActiveCfg = Debug|Any CPU
		{38827983-BD96-42C7-8910-42F36C97117F}.Debug|Any CPU.Build.0 = Debug|Any CPU
		{38827983-BD96-42C7-8910-42F36C97117F}.Release|Any CPU.ActiveCfg = Release|Any CPU
		{38827983-BD96-42C7-8910-42F36C97117F}.Release|Any CPU.Build.0 = Release|Any CPU
	EndGlobalSection
	GlobalSection(SolutionProperties) = preSolution
		HideSolutionNode = FALSE
	EndGlobalSection
	GlobalSection(ExtensibilityGlobals) = postSolution
		SolutionGuid = {8111B06E-DF74-4884-AFEC-F1D5336058AF}
	EndGlobalSection
EndGlobal
